
Microsoft Visual Studio Solution File, Format Version 12.00
# Visual Studio Version 16
VisualStudioVersion = 16.0.29709.97
MinimumVisualStudioVersion = 10.0.40219.1
Project("{FAE04EC0-301F-11D3-BF4B-00C04F79EFBC}") = "LoginFormDemo1", "LoginFormDemo1\LoginFormDemo1.csproj", "{8D78F547-67F3-4659-8D86-67F29D23B324}"
EndProject
Global
	GlobalSection(SolutionConfigurationPlatforms) = preSolution
		Debug|Any CPU = Debug|Any CPU
		Release|Any CPU = Release|Any CPU
	EndGlobalSection
	GlobalSection(ProjectConfigurationPlatforms) = postSolution
		{8D78F547-67F3-4659-8D86-67F29D23B324}.Debug|Any CPU.ActiveCfg = Debug|Any CPU
		{8D78F547-67F3-4659-8D86-67F29D23B324}.Debug|Any CPU.Build.0 = Debug|Any CPU
		{8D78F547-67F3-4659-8D86-67F29D23B324}.Release|Any CPU.ActiveCfg = Release|Any CPU
		{8D78F547-67F3-4659-8D86-67F29D23B324}.Release|Any CPU.Build.0 = Release|Any CPU
	EndGlobalSection
	GlobalSection(SolutionProperties) = preSolution
		HideSolutionNode = FALSE
	EndGlobalSection
	GlobalSection(ExtensibilityGlobals) = postSolution
		SolutionGuid = {6AA35CB7-B67A-4C01-A24E-DA6A6F8E0D55}
	EndGlobalSection
EndGlobal
