
Microsoft Visual Studio Solution File, Format Version 12.00
# Visual Studio Version 16
VisualStudioVersion = 16.0.29709.97
MinimumVisualStudioVersion = 10.0.40219.1
Project("{FAE04EC0-301F-11D3-BF4B-00C04F79EFBC}") = "JaggedArray", "JaggedArray\JaggedArray.csproj", "{1529D543-D1EE-4436-BC64-6C74F78D0540}"
EndProject
Global
	GlobalSection(SolutionConfigurationPlatforms) = preSolution
		Debug|Any CPU = Debug|Any CPU
		Release|Any CPU = Release|Any CPU
	EndGlobalSection
	GlobalSection(ProjectConfigurationPlatforms) = postSolution
		{1529D543-D1EE-4436-BC64-6C74F78D0540}.Debug|Any CPU.ActiveCfg = Debug|Any CPU
		{1529D543-D1EE-4436-BC64-6C74F78D0540}.Debug|Any CPU.Build.0 = Debug|Any CPU
		{1529D543-D1EE-4436-BC64-6C74F78D0540}.Release|Any CPU.ActiveCfg = Release|Any CPU
		{1529D543-D1EE-4436-BC64-6C74F78D0540}.Release|Any CPU.Build.0 = Release|Any CPU
	EndGlobalSection
	GlobalSection(SolutionProperties) = preSolution
		HideSolutionNode = FALSE
	EndGlobalSection
	GlobalSection(ExtensibilityGlobals) = postSolution
		SolutionGuid = {1F910E30-7D21-49F9-B2F6-DDE8A8BDAE7D}
	EndGlobalSection
EndGlobal
