
Microsoft Visual Studio Solution File, Format Version 12.00
# Visual Studio Version 16
VisualStudioVersion = 16.0.29709.97
MinimumVisualStudioVersion = 10.0.40219.1
Project("{FAE04EC0-301F-11D3-BF4B-00C04F79EFBC}") = "Week3Assigment", "Week3Assigment\Week3Assigment.csproj", "{F7BBA1F6-64BE-4A4B-8AA3-4BF659BDCE5F}"
EndProject
Project("{FAE04EC0-301F-11D3-BF4B-00C04F79EFBC}") = "EmployeeLibrary", "EmployeeLibrary\EmployeeLibrary.csproj", "{F28518F7-99BE-492F-ACDC-F75EDC0AC494}"
EndProject
Global
	GlobalSection(SolutionConfigurationPlatforms) = preSolution
		Debug|Any CPU = Debug|Any CPU
		Release|Any CPU = Release|Any CPU
	EndGlobalSection
	GlobalSection(ProjectConfigurationPlatforms) = postSolution
		{F7BBA1F6-64BE-4A4B-8AA3-4BF659BDCE5F}.Debug|Any CPU.ActiveCfg = Debug|Any CPU
		{F7BBA1F6-64BE-4A4B-8AA3-4BF659BDCE5F}.Debug|Any CPU.Build.0 = Debug|Any CPU
		{F7BBA1F6-64BE-4A4B-8AA3-4BF659BDCE5F}.Release|Any CPU.ActiveCfg = Release|Any CPU
		{F7BBA1F6-64BE-4A4B-8AA3-4BF659BDCE5F}.Release|Any CPU.Build.0 = Release|Any CPU
		{F28518F7-99BE-492F-ACDC-F75EDC0AC494}.Debug|Any CPU.ActiveCfg = Debug|Any CPU
		{F28518F7-99BE-492F-ACDC-F75EDC0AC494}.Debug|Any CPU.Build.0 = Debug|Any CPU
		{F28518F7-99BE-492F-ACDC-F75EDC0AC494}.Release|Any CPU.ActiveCfg = Release|Any CPU
		{F28518F7-99BE-492F-ACDC-F75EDC0AC494}.Release|Any CPU.Build.0 = Release|Any CPU
	EndGlobalSection
	GlobalSection(SolutionProperties) = preSolution
		HideSolutionNode = FALSE
	EndGlobalSection
	GlobalSection(ExtensibilityGlobals) = postSolution
		SolutionGuid = {16094AA0-2686-4A14-85C5-084FEB88ADB7}
	EndGlobalSection
EndGlobal
