
Microsoft Visual Studio Solution File, Format Version 12.00
# Visual Studio Version 16
VisualStudioVersion = 16.0.29709.97
MinimumVisualStudioVersion = 10.0.40219.1
Project("{FAE04EC0-301F-11D3-BF4B-00C04F79EFBC}") = "StreamWriterReaderDemo1", "StreamWriterReaderDemo1\StreamWriterReaderDemo1.csproj", "{06B9F2A9-D160-4F5E-AF38-F7346CDF0CC0}"
EndProject
Global
	GlobalSection(SolutionConfigurationPlatforms) = preSolution
		Debug|Any CPU = Debug|Any CPU
		Release|Any CPU = Release|Any CPU
	EndGlobalSection
	GlobalSection(ProjectConfigurationPlatforms) = postSolution
		{06B9F2A9-D160-4F5E-AF38-F7346CDF0CC0}.Debug|Any CPU.ActiveCfg = Debug|Any CPU
		{06B9F2A9-D160-4F5E-AF38-F7346CDF0CC0}.Debug|Any CPU.Build.0 = Debug|Any CPU
		{06B9F2A9-D160-4F5E-AF38-F7346CDF0CC0}.Release|Any CPU.ActiveCfg = Release|Any CPU
		{06B9F2A9-D160-4F5E-AF38-F7346CDF0CC0}.Release|Any CPU.Build.0 = Release|Any CPU
	EndGlobalSection
	GlobalSection(SolutionProperties) = preSolution
		HideSolutionNode = FALSE
	EndGlobalSection
	GlobalSection(ExtensibilityGlobals) = postSolution
		SolutionGuid = {6D6CE619-9CF1-4CFF-B4C6-DD68310448C2}
	EndGlobalSection
EndGlobal
