
Microsoft Visual Studio Solution File, Format Version 12.00
# Visual Studio Version 16
VisualStudioVersion = 16.0.29709.97
MinimumVisualStudioVersion = 10.0.40219.1
Project("{FAE04EC0-301F-11D3-BF4B-00C04F79EFBC}") = "WPF_Slider_Binding_Example", "WPF_Slider_Binding_Example\WPF_Slider_Binding_Example.csproj", "{C0AB3115-BB16-4B16-9087-DA0F193E988E}"
EndProject
Global
	GlobalSection(SolutionConfigurationPlatforms) = preSolution
		Debug|Any CPU = Debug|Any CPU
		Release|Any CPU = Release|Any CPU
	EndGlobalSection
	GlobalSection(ProjectConfigurationPlatforms) = postSolution
		{C0AB3115-BB16-4B16-9087-DA0F193E988E}.Debug|Any CPU.ActiveCfg = Debug|Any CPU
		{C0AB3115-BB16-4B16-9087-DA0F193E988E}.Debug|Any CPU.Build.0 = Debug|Any CPU
		{C0AB3115-BB16-4B16-9087-DA0F193E988E}.Release|Any CPU.ActiveCfg = Release|Any CPU
		{C0AB3115-BB16-4B16-9087-DA0F193E988E}.Release|Any CPU.Build.0 = Release|Any CPU
	EndGlobalSection
	GlobalSection(SolutionProperties) = preSolution
		HideSolutionNode = FALSE
	EndGlobalSection
	GlobalSection(ExtensibilityGlobals) = postSolution
		SolutionGuid = {8846A1C3-761B-44BF-9F17-F7D63345754C}
	EndGlobalSection
EndGlobal
