
Microsoft Visual Studio Solution File, Format Version 12.00
# Visual Studio Version 16
VisualStudioVersion = 16.0.29709.97
MinimumVisualStudioVersion = 10.0.40219.1
Project("{FAE04EC0-301F-11D3-BF4B-00C04F79EFBC}") = "MinMaxApp", "MinMaxApp\MinMaxApp.csproj", "{41A1CB02-5087-49B9-A559-39F30FE08015}"
EndProject
Global
	GlobalSection(SolutionConfigurationPlatforms) = preSolution
		Debug|Any CPU = Debug|Any CPU
		Release|Any CPU = Release|Any CPU
	EndGlobalSection
	GlobalSection(ProjectConfigurationPlatforms) = postSolution
		{41A1CB02-5087-49B9-A559-39F30FE08015}.Debug|Any CPU.ActiveCfg = Debug|Any CPU
		{41A1CB02-5087-49B9-A559-39F30FE08015}.Debug|Any CPU.Build.0 = Debug|Any CPU
		{41A1CB02-5087-49B9-A559-39F30FE08015}.Release|Any CPU.ActiveCfg = Release|Any CPU
		{41A1CB02-5087-49B9-A559-39F30FE08015}.Release|Any CPU.Build.0 = Release|Any CPU
	EndGlobalSection
	GlobalSection(SolutionProperties) = preSolution
		HideSolutionNode = FALSE
	EndGlobalSection
	GlobalSection(ExtensibilityGlobals) = postSolution
		SolutionGuid = {39F9BB71-FD7F-40FC-8A03-21431AF14A4B}
	EndGlobalSection
EndGlobal
