
Microsoft Visual Studio Solution File, Format Version 12.00
# Visual Studio Version 16
VisualStudioVersion = 16.0.29709.97
MinimumVisualStudioVersion = 10.0.40219.1
Project("{FAE04EC0-301F-11D3-BF4B-00C04F79EFBC}") = "MVVM_Demo_Calculator", "MVVM_Demo_Calculator\MVVM_Demo_Calculator.csproj", "{4264116C-BFA7-448D-A7B0-8142AC3E9E69}"
EndProject
Global
	GlobalSection(SolutionConfigurationPlatforms) = preSolution
		Debug|Any CPU = Debug|Any CPU
		Release|Any CPU = Release|Any CPU
	EndGlobalSection
	GlobalSection(ProjectConfigurationPlatforms) = postSolution
		{4264116C-BFA7-448D-A7B0-8142AC3E9E69}.Debug|Any CPU.ActiveCfg = Debug|Any CPU
		{4264116C-BFA7-448D-A7B0-8142AC3E9E69}.Debug|Any CPU.Build.0 = Debug|Any CPU
		{4264116C-BFA7-448D-A7B0-8142AC3E9E69}.Release|Any CPU.ActiveCfg = Release|Any CPU
		{4264116C-BFA7-448D-A7B0-8142AC3E9E69}.Release|Any CPU.Build.0 = Release|Any CPU
	EndGlobalSection
	GlobalSection(SolutionProperties) = preSolution
		HideSolutionNode = FALSE
	EndGlobalSection
	GlobalSection(ExtensibilityGlobals) = postSolution
		SolutionGuid = {956BD72D-D905-401F-B6FC-ECF203CBFE48}
	EndGlobalSection
EndGlobal
