
Microsoft Visual Studio Solution File, Format Version 12.00
# Visual Studio Version 16
VisualStudioVersion = 16.0.29709.97
MinimumVisualStudioVersion = 10.0.40219.1
Project("{FAE04EC0-301F-11D3-BF4B-00C04F79EFBC}") = "EFCode_First__Demo1", "EFCode_First__Demo1\EFCode_First__Demo1.csproj", "{5AD612FD-28D1-4F3A-A7D8-BE3DDED8B7D2}"
EndProject
Global
	GlobalSection(SolutionConfigurationPlatforms) = preSolution
		Debug|Any CPU = Debug|Any CPU
		Release|Any CPU = Release|Any CPU
	EndGlobalSection
	GlobalSection(ProjectConfigurationPlatforms) = postSolution
		{5AD612FD-28D1-4F3A-A7D8-BE3DDED8B7D2}.Debug|Any CPU.ActiveCfg = Debug|Any CPU
		{5AD612FD-28D1-4F3A-A7D8-BE3DDED8B7D2}.Debug|Any CPU.Build.0 = Debug|Any CPU
		{5AD612FD-28D1-4F3A-A7D8-BE3DDED8B7D2}.Release|Any CPU.ActiveCfg = Release|Any CPU
		{5AD612FD-28D1-4F3A-A7D8-BE3DDED8B7D2}.Release|Any CPU.Build.0 = Release|Any CPU
	EndGlobalSection
	GlobalSection(SolutionProperties) = preSolution
		HideSolutionNode = FALSE
	EndGlobalSection
	GlobalSection(ExtensibilityGlobals) = postSolution
		SolutionGuid = {6FA7B13C-9E0A-42FE-B5F1-D4D8058A3726}
	EndGlobalSection
EndGlobal
