
Microsoft Visual Studio Solution File, Format Version 12.00
# Visual Studio Version 16
VisualStudioVersion = 16.0.29709.97
MinimumVisualStudioVersion = 10.0.40219.1
Project("{FAE04EC0-301F-11D3-BF4B-00C04F79EFBC}") = "NorthWind_Add_Delete_Cancell_Button", "NorthWind_Add_Delete_Cancell_Button\NorthWind_Add_Delete_Cancell_Button.csproj", "{E1D885B4-D6D8-4E30-BD29-C64206004F47}"
EndProject
Global
	GlobalSection(SolutionConfigurationPlatforms) = preSolution
		Debug|Any CPU = Debug|Any CPU
		Release|Any CPU = Release|Any CPU
	EndGlobalSection
	GlobalSection(ProjectConfigurationPlatforms) = postSolution
		{E1D885B4-D6D8-4E30-BD29-C64206004F47}.Debug|Any CPU.ActiveCfg = Debug|Any CPU
		{E1D885B4-D6D8-4E30-BD29-C64206004F47}.Debug|Any CPU.Build.0 = Debug|Any CPU
		{E1D885B4-D6D8-4E30-BD29-C64206004F47}.Release|Any CPU.ActiveCfg = Release|Any CPU
		{E1D885B4-D6D8-4E30-BD29-C64206004F47}.Release|Any CPU.Build.0 = Release|Any CPU
	EndGlobalSection
	GlobalSection(SolutionProperties) = preSolution
		HideSolutionNode = FALSE
	EndGlobalSection
	GlobalSection(ExtensibilityGlobals) = postSolution
		SolutionGuid = {8845C494-2983-4956-A7AD-C4A759D1D284}
	EndGlobalSection
EndGlobal
