
Microsoft Visual Studio Solution File, Format Version 12.00
# Visual Studio Version 16
VisualStudioVersion = 16.0.29709.97
MinimumVisualStudioVersion = 10.0.40219.1
Project("{FAE04EC0-301F-11D3-BF4B-00C04F79EFBC}") = "WPFAssignment3Of5", "WPFAssignment3Of5\WPFAssignment3Of5.csproj", "{FAA517A7-3BB5-4C33-B5CD-BE083ACA1400}"
EndProject
Global
	GlobalSection(SolutionConfigurationPlatforms) = preSolution
		Debug|Any CPU = Debug|Any CPU
		Release|Any CPU = Release|Any CPU
	EndGlobalSection
	GlobalSection(ProjectConfigurationPlatforms) = postSolution
		{FAA517A7-3BB5-4C33-B5CD-BE083ACA1400}.Debug|Any CPU.ActiveCfg = Debug|Any CPU
		{FAA517A7-3BB5-4C33-B5CD-BE083ACA1400}.Debug|Any CPU.Build.0 = Debug|Any CPU
		{FAA517A7-3BB5-4C33-B5CD-BE083ACA1400}.Release|Any CPU.ActiveCfg = Release|Any CPU
		{FAA517A7-3BB5-4C33-B5CD-BE083ACA1400}.Release|Any CPU.Build.0 = Release|Any CPU
	EndGlobalSection
	GlobalSection(SolutionProperties) = preSolution
		HideSolutionNode = FALSE
	EndGlobalSection
	GlobalSection(ExtensibilityGlobals) = postSolution
		SolutionGuid = {C2614FE7-7D40-4C1D-BE55-BC7952B5DE3C}
	EndGlobalSection
EndGlobal
