
Microsoft Visual Studio Solution File, Format Version 12.00
# Visual Studio Version 16
VisualStudioVersion = 16.0.29709.97
MinimumVisualStudioVersion = 10.0.40219.1
Project("{FAE04EC0-301F-11D3-BF4B-00C04F79EFBC}") = "Async_await_demo3", "Async_await_demo3\Async_await_demo3.csproj", "{7BF0CEDD-B097-4DCF-8533-2067402899AA}"
EndProject
Global
	GlobalSection(SolutionConfigurationPlatforms) = preSolution
		Debug|Any CPU = Debug|Any CPU
		Release|Any CPU = Release|Any CPU
	EndGlobalSection
	GlobalSection(ProjectConfigurationPlatforms) = postSolution
		{7BF0CEDD-B097-4DCF-8533-2067402899AA}.Debug|Any CPU.ActiveCfg = Debug|Any CPU
		{7BF0CEDD-B097-4DCF-8533-2067402899AA}.Debug|Any CPU.Build.0 = Debug|Any CPU
		{7BF0CEDD-B097-4DCF-8533-2067402899AA}.Release|Any CPU.ActiveCfg = Release|Any CPU
		{7BF0CEDD-B097-4DCF-8533-2067402899AA}.Release|Any CPU.Build.0 = Release|Any CPU
	EndGlobalSection
	GlobalSection(SolutionProperties) = preSolution
		HideSolutionNode = FALSE
	EndGlobalSection
	GlobalSection(ExtensibilityGlobals) = postSolution
		SolutionGuid = {2ACCE17E-BACD-4476-B6FD-BB1F5705E1D5}
	EndGlobalSection
EndGlobal
