
Microsoft Visual Studio Solution File, Format Version 12.00
# Visual Studio Version 16
VisualStudioVersion = 16.0.29709.97
MinimumVisualStudioVersion = 10.0.40219.1
Project("{FAE04EC0-301F-11D3-BF4B-00C04F79EFBC}") = "TaskParallel_Demo1", "TaskParallel_Demo1\TaskParallel_Demo1.csproj", "{F843A195-0AFC-4DA4-8360-C180ADA933A8}"
EndProject
Global
	GlobalSection(SolutionConfigurationPlatforms) = preSolution
		Debug|Any CPU = Debug|Any CPU
		Release|Any CPU = Release|Any CPU
	EndGlobalSection
	GlobalSection(ProjectConfigurationPlatforms) = postSolution
		{F843A195-0AFC-4DA4-8360-C180ADA933A8}.Debug|Any CPU.ActiveCfg = Debug|Any CPU
		{F843A195-0AFC-4DA4-8360-C180ADA933A8}.Debug|Any CPU.Build.0 = Debug|Any CPU
		{F843A195-0AFC-4DA4-8360-C180ADA933A8}.Release|Any CPU.ActiveCfg = Release|Any CPU
		{F843A195-0AFC-4DA4-8360-C180ADA933A8}.Release|Any CPU.Build.0 = Release|Any CPU
	EndGlobalSection
	GlobalSection(SolutionProperties) = preSolution
		HideSolutionNode = FALSE
	EndGlobalSection
	GlobalSection(ExtensibilityGlobals) = postSolution
		SolutionGuid = {FAF3773D-DC9C-4E95-9A0A-098035AC859D}
	EndGlobalSection
EndGlobal
