
Microsoft Visual Studio Solution File, Format Version 12.00
# Visual Studio Version 16
VisualStudioVersion = 16.0.29709.97
MinimumVisualStudioVersion = 10.0.40219.1
Project("{FAE04EC0-301F-11D3-BF4B-00C04F79EFBC}") = "WPFApp_Example_Assignment5Of5", "WPFApp_Example_Assignment5Of5\WPFApp_Example_Assignment5Of5.csproj", "{C3F5D415-FFDD-4DDB-A58E-1772380F0062}"
EndProject
Global
	GlobalSection(SolutionConfigurationPlatforms) = preSolution
		Debug|Any CPU = Debug|Any CPU
		Release|Any CPU = Release|Any CPU
	EndGlobalSection
	GlobalSection(ProjectConfigurationPlatforms) = postSolution
		{C3F5D415-FFDD-4DDB-A58E-1772380F0062}.Debug|Any CPU.ActiveCfg = Debug|Any CPU
		{C3F5D415-FFDD-4DDB-A58E-1772380F0062}.Debug|Any CPU.Build.0 = Debug|Any CPU
		{C3F5D415-FFDD-4DDB-A58E-1772380F0062}.Release|Any CPU.ActiveCfg = Release|Any CPU
		{C3F5D415-FFDD-4DDB-A58E-1772380F0062}.Release|Any CPU.Build.0 = Release|Any CPU
	EndGlobalSection
	GlobalSection(SolutionProperties) = preSolution
		HideSolutionNode = FALSE
	EndGlobalSection
	GlobalSection(ExtensibilityGlobals) = postSolution
		SolutionGuid = {AC5A6DDC-7EAF-48F8-9ADA-DB8374C833A2}
	EndGlobalSection
EndGlobal
