
Microsoft Visual Studio Solution File, Format Version 12.00
# Visual Studio Version 16
VisualStudioVersion = 16.0.29709.97
MinimumVisualStudioVersion = 10.0.40219.1
Project("{FAE04EC0-301F-11D3-BF4B-00C04F79EFBC}") = "CalculatorInWPF", "CalculatorInWPF\CalculatorInWPF.csproj", "{3598EA58-E119-42B9-85BA-E2B477FFE9F9}"
EndProject
Global
	GlobalSection(SolutionConfigurationPlatforms) = preSolution
		Debug|Any CPU = Debug|Any CPU
		Release|Any CPU = Release|Any CPU
	EndGlobalSection
	GlobalSection(ProjectConfigurationPlatforms) = postSolution
		{3598EA58-E119-42B9-85BA-E2B477FFE9F9}.Debug|Any CPU.ActiveCfg = Debug|Any CPU
		{3598EA58-E119-42B9-85BA-E2B477FFE9F9}.Debug|Any CPU.Build.0 = Debug|Any CPU
		{3598EA58-E119-42B9-85BA-E2B477FFE9F9}.Release|Any CPU.ActiveCfg = Release|Any CPU
		{3598EA58-E119-42B9-85BA-E2B477FFE9F9}.Release|Any CPU.Build.0 = Release|Any CPU
	EndGlobalSection
	GlobalSection(SolutionProperties) = preSolution
		HideSolutionNode = FALSE
	EndGlobalSection
	GlobalSection(ExtensibilityGlobals) = postSolution
		SolutionGuid = {70EE1AA8-8BCB-4CC2-B6C8-CE646498A6FC}
	EndGlobalSection
EndGlobal
