
Microsoft Visual Studio Solution File, Format Version 12.00
# Visual Studio Version 16
VisualStudioVersion = 16.0.29709.97
MinimumVisualStudioVersion = 10.0.40219.1
Project("{FAE04EC0-301F-11D3-BF4B-00C04F79EFBC}") = "SampleProject1", "SampleProject1\SampleProject1.csproj", "{C5ED0A02-4617-427B-989E-8A82A3244584}"
EndProject
Global
	GlobalSection(SolutionConfigurationPlatforms) = preSolution
		Debug|Any CPU = Debug|Any CPU
		Release|Any CPU = Release|Any CPU
	EndGlobalSection
	GlobalSection(ProjectConfigurationPlatforms) = postSolution
		{C5ED0A02-4617-427B-989E-8A82A3244584}.Debug|Any CPU.ActiveCfg = Debug|Any CPU
		{C5ED0A02-4617-427B-989E-8A82A3244584}.Debug|Any CPU.Build.0 = Debug|Any CPU
		{C5ED0A02-4617-427B-989E-8A82A3244584}.Release|Any CPU.ActiveCfg = Release|Any CPU
		{C5ED0A02-4617-427B-989E-8A82A3244584}.Release|Any CPU.Build.0 = Release|Any CPU
	EndGlobalSection
	GlobalSection(SolutionProperties) = preSolution
		HideSolutionNode = FALSE
	EndGlobalSection
	GlobalSection(ExtensibilityGlobals) = postSolution
		SolutionGuid = {3C511141-CA91-4BBE-951D-4352CECFA5C4}
	EndGlobalSection
EndGlobal
