
Microsoft Visual Studio Solution File, Format Version 12.00
# Visual Studio Version 16
VisualStudioVersion = 16.0.29709.97
MinimumVisualStudioVersion = 10.0.40219.1
Project("{FAE04EC0-301F-11D3-BF4B-00C04F79EFBC}") = "NorthWindProject", "NorthWindProject\NorthWindProject.csproj", "{F9EA285A-5E93-4D34-9161-2C9A9F955B5F}"
EndProject
Global
	GlobalSection(SolutionConfigurationPlatforms) = preSolution
		Debug|Any CPU = Debug|Any CPU
		Release|Any CPU = Release|Any CPU
	EndGlobalSection
	GlobalSection(ProjectConfigurationPlatforms) = postSolution
		{F9EA285A-5E93-4D34-9161-2C9A9F955B5F}.Debug|Any CPU.ActiveCfg = Debug|Any CPU
		{F9EA285A-5E93-4D34-9161-2C9A9F955B5F}.Debug|Any CPU.Build.0 = Debug|Any CPU
		{F9EA285A-5E93-4D34-9161-2C9A9F955B5F}.Release|Any CPU.ActiveCfg = Release|Any CPU
		{F9EA285A-5E93-4D34-9161-2C9A9F955B5F}.Release|Any CPU.Build.0 = Release|Any CPU
	EndGlobalSection
	GlobalSection(SolutionProperties) = preSolution
		HideSolutionNode = FALSE
	EndGlobalSection
	GlobalSection(ExtensibilityGlobals) = postSolution
		SolutionGuid = {86C1ED58-65C5-48A5-B85A-56FB84C8FDE0}
	EndGlobalSection
EndGlobal
