
Microsoft Visual Studio Solution File, Format Version 12.00
# Visual Studio Version 16
VisualStudioVersion = 16.0.29709.97
MinimumVisualStudioVersion = 10.0.40219.1
Project("{FAE04EC0-301F-11D3-BF4B-00C04F79EFBC}") = "TemperatureConverter", "TemperatureConverter\TemperatureConverter.csproj", "{A9B93710-F4F1-46D0-8DD4-22335EDFC58A}"
EndProject
Global
	GlobalSection(SolutionConfigurationPlatforms) = preSolution
		Debug|Any CPU = Debug|Any CPU
		Release|Any CPU = Release|Any CPU
	EndGlobalSection
	GlobalSection(ProjectConfigurationPlatforms) = postSolution
		{A9B93710-F4F1-46D0-8DD4-22335EDFC58A}.Debug|Any CPU.ActiveCfg = Debug|Any CPU
		{A9B93710-F4F1-46D0-8DD4-22335EDFC58A}.Debug|Any CPU.Build.0 = Debug|Any CPU
		{A9B93710-F4F1-46D0-8DD4-22335EDFC58A}.Release|Any CPU.ActiveCfg = Release|Any CPU
		{A9B93710-F4F1-46D0-8DD4-22335EDFC58A}.Release|Any CPU.Build.0 = Release|Any CPU
	EndGlobalSection
	GlobalSection(SolutionProperties) = preSolution
		HideSolutionNode = FALSE
	EndGlobalSection
	GlobalSection(ExtensibilityGlobals) = postSolution
		SolutionGuid = {DE29B991-C7BB-4AB4-B75B-B75D0FEBBADA}
	EndGlobalSection
EndGlobal
