
Microsoft Visual Studio Solution File, Format Version 12.00
# Visual Studio Version 16
VisualStudioVersion = 16.0.29709.97
MinimumVisualStudioVersion = 10.0.40219.1
Project("{FAE04EC0-301F-11D3-BF4B-00C04F79EFBC}") = "WcfService2", "WcfService2\WcfService2.csproj", "{DE2CD16E-D6E4-4EA1-ADB6-2F4E183A6F67}"
EndProject
Project("{FAE04EC0-301F-11D3-BF4B-00C04F79EFBC}") = "WpfApp_SOAPService", "WpfApp_SOAPService\WpfApp_SOAPService.csproj", "{B99A240D-2334-491E-B807-950A1ADE5332}"
	ProjectSection(ProjectDependencies) = postProject
		{DE2CD16E-D6E4-4EA1-ADB6-2F4E183A6F67} = {DE2CD16E-D6E4-4EA1-ADB6-2F4E183A6F67}
	EndProjectSection
EndProject
Global
	GlobalSection(SolutionConfigurationPlatforms) = preSolution
		Debug|Any CPU = Debug|Any CPU
		Release|Any CPU = Release|Any CPU
	EndGlobalSection
	GlobalSection(ProjectConfigurationPlatforms) = postSolution
		{DE2CD16E-D6E4-4EA1-ADB6-2F4E183A6F67}.Debug|Any CPU.ActiveCfg = Debug|Any CPU
		{DE2CD16E-D6E4-4EA1-ADB6-2F4E183A6F67}.Debug|Any CPU.Build.0 = Debug|Any CPU
		{DE2CD16E-D6E4-4EA1-ADB6-2F4E183A6F67}.Release|Any CPU.ActiveCfg = Release|Any CPU
		{DE2CD16E-D6E4-4EA1-ADB6-2F4E183A6F67}.Release|Any CPU.Build.0 = Release|Any CPU
		{B99A240D-2334-491E-B807-950A1ADE5332}.Debug|Any CPU.ActiveCfg = Debug|Any CPU
		{B99A240D-2334-491E-B807-950A1ADE5332}.Debug|Any CPU.Build.0 = Debug|Any CPU
		{B99A240D-2334-491E-B807-950A1ADE5332}.Release|Any CPU.ActiveCfg = Release|Any CPU
		{B99A240D-2334-491E-B807-950A1ADE5332}.Release|Any CPU.Build.0 = Release|Any CPU
	EndGlobalSection
	GlobalSection(SolutionProperties) = preSolution
		HideSolutionNode = FALSE
	EndGlobalSection
	GlobalSection(ExtensibilityGlobals) = postSolution
		SolutionGuid = {91965B83-A273-4DA7-B80A-F950B496EF48}
	EndGlobalSection
EndGlobal
