
Microsoft Visual Studio Solution File, Format Version 12.00
# Visual Studio Version 16
VisualStudioVersion = 16.0.29709.97
MinimumVisualStudioVersion = 10.0.40219.1
Project("{FAE04EC0-301F-11D3-BF4B-00C04F79EFBC}") = "PasswordStrengthChecking", "PasswordStrengthChecking\PasswordStrengthChecking.csproj", "{5A638428-1607-4D1A-A5B5-6F93B72EC5CE}"
EndProject
Global
	GlobalSection(SolutionConfigurationPlatforms) = preSolution
		Debug|Any CPU = Debug|Any CPU
		Release|Any CPU = Release|Any CPU
	EndGlobalSection
	GlobalSection(ProjectConfigurationPlatforms) = postSolution
		{5A638428-1607-4D1A-A5B5-6F93B72EC5CE}.Debug|Any CPU.ActiveCfg = Debug|Any CPU
		{5A638428-1607-4D1A-A5B5-6F93B72EC5CE}.Debug|Any CPU.Build.0 = Debug|Any CPU
		{5A638428-1607-4D1A-A5B5-6F93B72EC5CE}.Release|Any CPU.ActiveCfg = Release|Any CPU
		{5A638428-1607-4D1A-A5B5-6F93B72EC5CE}.Release|Any CPU.Build.0 = Release|Any CPU
	EndGlobalSection
	GlobalSection(SolutionProperties) = preSolution
		HideSolutionNode = FALSE
	EndGlobalSection
	GlobalSection(ExtensibilityGlobals) = postSolution
		SolutionGuid = {5447E71E-D7E6-4EF6-B53D-30B78A89E512}
	EndGlobalSection
EndGlobal
