
Microsoft Visual Studio Solution File, Format Version 12.00
# Visual Studio Version 16
VisualStudioVersion = 16.0.29709.97
MinimumVisualStudioVersion = 10.0.40219.1
Project("{FAE04EC0-301F-11D3-BF4B-00C04F79EFBC}") = "EF_Code_First_Demo1", "EF_Code_First_Demo1\EF_Code_First_Demo1.csproj", "{28B783AE-9EDF-4A15-9AEC-A85EF897668C}"
EndProject
Global
	GlobalSection(SolutionConfigurationPlatforms) = preSolution
		Debug|Any CPU = Debug|Any CPU
		Release|Any CPU = Release|Any CPU
	EndGlobalSection
	GlobalSection(ProjectConfigurationPlatforms) = postSolution
		{28B783AE-9EDF-4A15-9AEC-A85EF897668C}.Debug|Any CPU.ActiveCfg = Debug|Any CPU
		{28B783AE-9EDF-4A15-9AEC-A85EF897668C}.Debug|Any CPU.Build.0 = Debug|Any CPU
		{28B783AE-9EDF-4A15-9AEC-A85EF897668C}.Release|Any CPU.ActiveCfg = Release|Any CPU
		{28B783AE-9EDF-4A15-9AEC-A85EF897668C}.Release|Any CPU.Build.0 = Release|Any CPU
	EndGlobalSection
	GlobalSection(SolutionProperties) = preSolution
		HideSolutionNode = FALSE
	EndGlobalSection
	GlobalSection(ExtensibilityGlobals) = postSolution
		SolutionGuid = {3C173820-6EA3-4684-8911-E91CE9E15937}
	EndGlobalSection
EndGlobal
