
Microsoft Visual Studio Solution File, Format Version 12.00
# Visual Studio Version 16
VisualStudioVersion = 16.0.29709.97
MinimumVisualStudioVersion = 10.0.40219.1
Project("{FAE04EC0-301F-11D3-BF4B-00C04F79EFBC}") = "Simple_WPF_Form_With_Image", "Simple_WPF_Form_With_Image\Simple_WPF_Form_With_Image.csproj", "{F1AC3318-FA20-48E2-A694-84FF2C2C0157}"
EndProject
Global
	GlobalSection(SolutionConfigurationPlatforms) = preSolution
		Debug|Any CPU = Debug|Any CPU
		Release|Any CPU = Release|Any CPU
	EndGlobalSection
	GlobalSection(ProjectConfigurationPlatforms) = postSolution
		{F1AC3318-FA20-48E2-A694-84FF2C2C0157}.Debug|Any CPU.ActiveCfg = Debug|Any CPU
		{F1AC3318-FA20-48E2-A694-84FF2C2C0157}.Debug|Any CPU.Build.0 = Debug|Any CPU
		{F1AC3318-FA20-48E2-A694-84FF2C2C0157}.Release|Any CPU.ActiveCfg = Release|Any CPU
		{F1AC3318-FA20-48E2-A694-84FF2C2C0157}.Release|Any CPU.Build.0 = Release|Any CPU
	EndGlobalSection
	GlobalSection(SolutionProperties) = preSolution
		HideSolutionNode = FALSE
	EndGlobalSection
	GlobalSection(ExtensibilityGlobals) = postSolution
		SolutionGuid = {32E98D1A-4A9A-4FE6-BA9F-E95100C3833E}
	EndGlobalSection
EndGlobal
