
Microsoft Visual Studio Solution File, Format Version 12.00
# Visual Studio Version 16
VisualStudioVersion = 16.0.29709.97
MinimumVisualStudioVersion = 10.0.40219.1
Project("{FAE04EC0-301F-11D3-BF4B-00C04F79EFBC}") = "Day2", "Day2\Day2.csproj", "{4B33A849-10F6-445B-A67B-B066B4D3F0BD}"
EndProject
Global
	GlobalSection(SolutionConfigurationPlatforms) = preSolution
		Debug|Any CPU = Debug|Any CPU
		Release|Any CPU = Release|Any CPU
	EndGlobalSection
	GlobalSection(ProjectConfigurationPlatforms) = postSolution
		{4B33A849-10F6-445B-A67B-B066B4D3F0BD}.Debug|Any CPU.ActiveCfg = Debug|Any CPU
		{4B33A849-10F6-445B-A67B-B066B4D3F0BD}.Debug|Any CPU.Build.0 = Debug|Any CPU
		{4B33A849-10F6-445B-A67B-B066B4D3F0BD}.Release|Any CPU.ActiveCfg = Release|Any CPU
		{4B33A849-10F6-445B-A67B-B066B4D3F0BD}.Release|Any CPU.Build.0 = Release|Any CPU
	EndGlobalSection
	GlobalSection(SolutionProperties) = preSolution
		HideSolutionNode = FALSE
	EndGlobalSection
	GlobalSection(ExtensibilityGlobals) = postSolution
		SolutionGuid = {E6162192-ACFC-44D9-ACB8-B8E1023C9BA1}
	EndGlobalSection
EndGlobal
