
Microsoft Visual Studio Solution File, Format Version 12.00
# Visual Studio Version 16
VisualStudioVersion = 16.0.29709.97
MinimumVisualStudioVersion = 10.0.40219.1
Project("{FAE04EC0-301F-11D3-BF4B-00C04F79EFBC}") = "UserValidationApp", "UserValidationApp\UserValidationApp.csproj", "{8BC9A6A0-FF06-4F0C-8CBA-77343C58FF52}"
EndProject
Project("{FAE04EC0-301F-11D3-BF4B-00C04F79EFBC}") = "DataValidationLibrary", "DataValidationLibrary\DataValidationLibrary.csproj", "{FD25B0C0-C054-40E2-8767-554EB62C0A4B}"
EndProject
Global
	GlobalSection(SolutionConfigurationPlatforms) = preSolution
		Debug|Any CPU = Debug|Any CPU
		Release|Any CPU = Release|Any CPU
	EndGlobalSection
	GlobalSection(ProjectConfigurationPlatforms) = postSolution
		{8BC9A6A0-FF06-4F0C-8CBA-77343C58FF52}.Debug|Any CPU.ActiveCfg = Debug|Any CPU
		{8BC9A6A0-FF06-4F0C-8CBA-77343C58FF52}.Debug|Any CPU.Build.0 = Debug|Any CPU
		{8BC9A6A0-FF06-4F0C-8CBA-77343C58FF52}.Release|Any CPU.ActiveCfg = Release|Any CPU
		{8BC9A6A0-FF06-4F0C-8CBA-77343C58FF52}.Release|Any CPU.Build.0 = Release|Any CPU
		{FD25B0C0-C054-40E2-8767-554EB62C0A4B}.Debug|Any CPU.ActiveCfg = Debug|Any CPU
		{FD25B0C0-C054-40E2-8767-554EB62C0A4B}.Debug|Any CPU.Build.0 = Debug|Any CPU
		{FD25B0C0-C054-40E2-8767-554EB62C0A4B}.Release|Any CPU.ActiveCfg = Release|Any CPU
		{FD25B0C0-C054-40E2-8767-554EB62C0A4B}.Release|Any CPU.Build.0 = Release|Any CPU
	EndGlobalSection
	GlobalSection(SolutionProperties) = preSolution
		HideSolutionNode = FALSE
	EndGlobalSection
	GlobalSection(ExtensibilityGlobals) = postSolution
		SolutionGuid = {C3FFE257-D984-4147-949A-6E64338B7F5E}
	EndGlobalSection
EndGlobal
