
Microsoft Visual Studio Solution File, Format Version 12.00
# Visual Studio Version 16
VisualStudioVersion = 16.0.29709.97
MinimumVisualStudioVersion = 10.0.40219.1
Project("{FAE04EC0-301F-11D3-BF4B-00C04F79EFBC}") = "LinqDemoInWPF", "LinqDemoInWPF\LinqDemoInWPF.csproj", "{8C55ABBE-B92B-416A-A084-FB842E690B5E}"
EndProject
Global
	GlobalSection(SolutionConfigurationPlatforms) = preSolution
		Debug|Any CPU = Debug|Any CPU
		Release|Any CPU = Release|Any CPU
	EndGlobalSection
	GlobalSection(ProjectConfigurationPlatforms) = postSolution
		{8C55ABBE-B92B-416A-A084-FB842E690B5E}.Debug|Any CPU.ActiveCfg = Debug|Any CPU
		{8C55ABBE-B92B-416A-A084-FB842E690B5E}.Debug|Any CPU.Build.0 = Debug|Any CPU
		{8C55ABBE-B92B-416A-A084-FB842E690B5E}.Release|Any CPU.ActiveCfg = Release|Any CPU
		{8C55ABBE-B92B-416A-A084-FB842E690B5E}.Release|Any CPU.Build.0 = Release|Any CPU
	EndGlobalSection
	GlobalSection(SolutionProperties) = preSolution
		HideSolutionNode = FALSE
	EndGlobalSection
	GlobalSection(ExtensibilityGlobals) = postSolution
		SolutionGuid = {2628AC66-F9AB-4D84-817D-CE33323BE62E}
	EndGlobalSection
EndGlobal
