
Microsoft Visual Studio Solution File, Format Version 12.00
# Visual Studio Version 16
VisualStudioVersion = 16.0.29709.97
MinimumVisualStudioVersion = 10.0.40219.1
Project("{FAE04EC0-301F-11D3-BF4B-00C04F79EFBC}") = "WPF_INotify_Property", "WPF_INotify_Property\WPF_INotify_Property.csproj", "{597C3134-A07D-4DA0-A775-CAE136D6C5EC}"
EndProject
Global
	GlobalSection(SolutionConfigurationPlatforms) = preSolution
		Debug|Any CPU = Debug|Any CPU
		Release|Any CPU = Release|Any CPU
	EndGlobalSection
	GlobalSection(ProjectConfigurationPlatforms) = postSolution
		{597C3134-A07D-4DA0-A775-CAE136D6C5EC}.Debug|Any CPU.ActiveCfg = Debug|Any CPU
		{597C3134-A07D-4DA0-A775-CAE136D6C5EC}.Debug|Any CPU.Build.0 = Debug|Any CPU
		{597C3134-A07D-4DA0-A775-CAE136D6C5EC}.Release|Any CPU.ActiveCfg = Release|Any CPU
		{597C3134-A07D-4DA0-A775-CAE136D6C5EC}.Release|Any CPU.Build.0 = Release|Any CPU
	EndGlobalSection
	GlobalSection(SolutionProperties) = preSolution
		HideSolutionNode = FALSE
	EndGlobalSection
	GlobalSection(ExtensibilityGlobals) = postSolution
		SolutionGuid = {C3514B6A-61EA-4B44-A3C4-7B2C416CEEF8}
	EndGlobalSection
EndGlobal
